
Microsoft Visual Studio Solution File, Format Version 12.00
# Visual Studio Version 17
VisualStudioVersion = 17.9.34701.34
MinimumVisualStudioVersion = 10.0.40219.1
Project("{FAE04EC0-301F-11D3-BF4B-00C04F79EFBC}") = "MonitoringManagerAPI", "MonitoringManagerAPI\MonitoringManagerAPI.csproj", "{0D4C83AE-92AA-40A6-B8A9-85075EEA1F70}"
EndProject
Global
	GlobalSection(SolutionConfigurationPlatforms) = preSolution
		Debug|Any CPU = Debug|Any CPU
		Release|Any CPU = Release|Any CPU
	EndGlobalSection
	GlobalSection(ProjectConfigurationPlatforms) = postSolution
		{0D4C83AE-92AA-40A6-B8A9-85075EEA1F70}.Debug|Any CPU.ActiveCfg = Debug|Any CPU
		{0D4C83AE-92AA-40A6-B8A9-85075EEA1F70}.Debug|Any CPU.Build.0 = Debug|Any CPU
		{0D4C83AE-92AA-40A6-B8A9-85075EEA1F70}.Release|Any CPU.ActiveCfg = Release|Any CPU
		{0D4C83AE-92AA-40A6-B8A9-85075EEA1F70}.Release|Any CPU.Build.0 = Release|Any CPU
	EndGlobalSection
	GlobalSection(SolutionProperties) = preSolution
		HideSolutionNode = FALSE
	EndGlobalSection
	GlobalSection(ExtensibilityGlobals) = postSolution
		SolutionGuid = {C9E96A98-4D75-4FD7-ABC2-895C73F7AFE6}
	EndGlobalSection
EndGlobal
